
Microsoft Visual Studio Solution File, Format Version 12.00
# Visual Studio 15
VisualStudioVersion = 15.0.27428.2002
MinimumVisualStudioVersion = 10.0.40219.1
Project("{FAE04EC0-301F-11D3-BF4B-00C04F79EFBC}") = "WindowsAppCpy", "WindowsAppCpy\WindowsAppCpy.csproj", "{5BE8D3F9-CAFE-4D8A-81C0-34D63E33D5BB}"
EndProject
Global
	GlobalSection(SolutionConfigurationPlatforms) = preSolution
		Debug|Any CPU = Debug|Any CPU
		Release|Any CPU = Release|Any CPU
	EndGlobalSection
	GlobalSection(ProjectConfigurationPlatforms) = postSolution
		{5BE8D3F9-CAFE-4D8A-81C0-34D63E33D5BB}.Debug|Any CPU.ActiveCfg = Debug|Any CPU
		{5BE8D3F9-CAFE-4D8A-81C0-34D63E33D5BB}.Debug|Any CPU.Build.0 = Debug|Any CPU
		{5BE8D3F9-CAFE-4D8A-81C0-34D63E33D5BB}.Release|Any CPU.ActiveCfg = Release|Any CPU
		{5BE8D3F9-CAFE-4D8A-81C0-34D63E33D5BB}.Release|Any CPU.Build.0 = Release|Any CPU
	EndGlobalSection
	GlobalSection(SolutionProperties) = preSolution
		HideSolutionNode = FALSE
	EndGlobalSection
	GlobalSection(ExtensibilityGlobals) = postSolution
		SolutionGuid = {1590E854-0C37-4DF3-BE9E-5296E3E8EE29}
	EndGlobalSection
EndGlobal
